
Microsoft Visual Studio Solution File, Format Version 12.00
# Visual Studio 15
Project("{FAE04EC0-301F-11D3-BF4B-00C04F79EFBC}") = "SO62417146", "SO62417146\SO62417146.csproj", "{1968F041-3FED-4C82-BFC9-8AF8826B7D69}"
EndProject
Global
	GlobalSection(SolutionConfigurationPlatforms) = preSolution
		Debug|Any CPU = Debug|Any CPU
		Release|Any CPU = Release|Any CPU
	EndGlobalSection
	GlobalSection(ProjectConfigurationPlatforms) = postSolution
		{1968F041-3FED-4C82-BFC9-8AF8826B7D69}.Debug|Any CPU.ActiveCfg = Debug|Any CPU
		{1968F041-3FED-4C82-BFC9-8AF8826B7D69}.Debug|Any CPU.Build.0 = Debug|Any CPU
		{1968F041-3FED-4C82-BFC9-8AF8826B7D69}.Release|Any CPU.ActiveCfg = Release|Any CPU
		{1968F041-3FED-4C82-BFC9-8AF8826B7D69}.Release|Any CPU.Build.0 = Release|Any CPU
	EndGlobalSection
EndGlobal
