
Microsoft Visual Studio Solution File, Format Version 12.00
# Visual Studio 15
Project("{FAE04EC0-301F-11D3-BF4B-00C04F79EFBC}") = "Animations.iOS", "Animations.iOS\Animations.iOS.csproj", "{30158873-77B1-426F-8FF7-47EA7A3FAF8A}"
EndProject
Project("{FAE04EC0-301F-11D3-BF4B-00C04F79EFBC}") = "Animations", "Animations\Animations.csproj", "{91187F16-68ED-4AAB-BFDD-7143020BA00B}"
EndProject
Global
	GlobalSection(SolutionConfigurationPlatforms) = preSolution
		Debug|iPhoneSimulator = Debug|iPhoneSimulator
		Release|iPhoneSimulator = Release|iPhoneSimulator
		Debug|iPhone = Debug|iPhone
		Release|iPhone = Release|iPhone
		Debug|Any CPU = Debug|Any CPU
		Release|Any CPU = Release|Any CPU
	EndGlobalSection
	GlobalSection(ProjectConfigurationPlatforms) = postSolution
		{30158873-77B1-426F-8FF7-47EA7A3FAF8A}.Debug|iPhoneSimulator.ActiveCfg = Debug|iPhoneSimulator
		{30158873-77B1-426F-8FF7-47EA7A3FAF8A}.Debug|iPhoneSimulator.Build.0 = Debug|iPhoneSimulator
		{30158873-77B1-426F-8FF7-47EA7A3FAF8A}.Release|iPhoneSimulator.ActiveCfg = Release|iPhoneSimulator
		{30158873-77B1-426F-8FF7-47EA7A3FAF8A}.Release|iPhoneSimulator.Build.0 = Release|iPhoneSimulator
		{30158873-77B1-426F-8FF7-47EA7A3FAF8A}.Debug|iPhone.ActiveCfg = Debug|iPhone
		{30158873-77B1-426F-8FF7-47EA7A3FAF8A}.Debug|iPhone.Build.0 = Debug|iPhone
		{30158873-77B1-426F-8FF7-47EA7A3FAF8A}.Release|iPhone.ActiveCfg = Release|iPhone
		{30158873-77B1-426F-8FF7-47EA7A3FAF8A}.Release|iPhone.Build.0 = Release|iPhone
		{30158873-77B1-426F-8FF7-47EA7A3FAF8A}.Debug|Any CPU.ActiveCfg = Debug|iPhoneSimulator
		{30158873-77B1-426F-8FF7-47EA7A3FAF8A}.Debug|Any CPU.Build.0 = Debug|iPhoneSimulator
		{30158873-77B1-426F-8FF7-47EA7A3FAF8A}.Release|Any CPU.ActiveCfg = Release|iPhoneSimulator
		{30158873-77B1-426F-8FF7-47EA7A3FAF8A}.Release|Any CPU.Build.0 = Release|iPhoneSimulator
		{91187F16-68ED-4AAB-BFDD-7143020BA00B}.Debug|iPhoneSimulator.ActiveCfg = Debug|Any CPU
		{91187F16-68ED-4AAB-BFDD-7143020BA00B}.Debug|iPhoneSimulator.Build.0 = Debug|Any CPU
		{91187F16-68ED-4AAB-BFDD-7143020BA00B}.Release|iPhoneSimulator.ActiveCfg = Release|Any CPU
		{91187F16-68ED-4AAB-BFDD-7143020BA00B}.Release|iPhoneSimulator.Build.0 = Release|Any CPU
		{91187F16-68ED-4AAB-BFDD-7143020BA00B}.Debug|iPhone.ActiveCfg = Debug|Any CPU
		{91187F16-68ED-4AAB-BFDD-7143020BA00B}.Debug|iPhone.Build.0 = Debug|Any CPU
		{91187F16-68ED-4AAB-BFDD-7143020BA00B}.Release|iPhone.ActiveCfg = Release|Any CPU
		{91187F16-68ED-4AAB-BFDD-7143020BA00B}.Release|iPhone.Build.0 = Release|Any CPU
		{91187F16-68ED-4AAB-BFDD-7143020BA00B}.Debug|Any CPU.ActiveCfg = Debug|Any CPU
		{91187F16-68ED-4AAB-BFDD-7143020BA00B}.Debug|Any CPU.Build.0 = Debug|Any CPU
		{91187F16-68ED-4AAB-BFDD-7143020BA00B}.Release|Any CPU.ActiveCfg = Release|Any CPU
		{91187F16-68ED-4AAB-BFDD-7143020BA00B}.Release|Any CPU.Build.0 = Release|Any CPU
	EndGlobalSection
EndGlobal
