
Microsoft Visual Studio Solution File, Format Version 12.00
# Visual Studio 15
VisualStudioVersion = 15.0.28307.168
MinimumVisualStudioVersion = 10.0.40219.1
Project("{FAE04EC0-301F-11D3-BF4B-00C04F79EFBC}") = "GH1873.Android", "GH1873.Android\GH1873.Android.csproj", "{82FF1B52-EF7C-4DE7-B911-A62681FF0C9D}"
EndProject
Project("{FAE04EC0-301F-11D3-BF4B-00C04F79EFBC}") = "GH1873.iOS", "GH1873.iOS\GH1873.iOS.csproj", "{133948AC-F1C1-4CBF-B054-01D75C692623}"
EndProject
Project("{FAE04EC0-301F-11D3-BF4B-00C04F79EFBC}") = "GH1873.UWP", "GH1873.UWP\GH1873.UWP.csproj", "{3B4DC47F-37C5-4DB0-BB65-DDC9938675E2}"
EndProject
Project("{FAE04EC0-301F-11D3-BF4B-00C04F79EFBC}") = "GH1873", "GH1873\GH1873.csproj", "{C5042D7A-3839-4ACF-B9F7-81EB6ACD964B}"
EndProject
Global
	GlobalSection(SolutionConfigurationPlatforms) = preSolution
		Ad-Hoc|Any CPU = Ad-Hoc|Any CPU
		Ad-Hoc|ARM = Ad-Hoc|ARM
		Ad-Hoc|iPhone = Ad-Hoc|iPhone
		Ad-Hoc|iPhoneSimulator = Ad-Hoc|iPhoneSimulator
		Ad-Hoc|x64 = Ad-Hoc|x64
		Ad-Hoc|x86 = Ad-Hoc|x86
		AppStore|Any CPU = AppStore|Any CPU
		AppStore|ARM = AppStore|ARM
		AppStore|iPhone = AppStore|iPhone
		AppStore|iPhoneSimulator = AppStore|iPhoneSimulator
		AppStore|x64 = AppStore|x64
		AppStore|x86 = AppStore|x86
		Debug|Any CPU = Debug|Any CPU
		Debug|ARM = Debug|ARM
		Debug|iPhone = Debug|iPhone
		Debug|iPhoneSimulator = Debug|iPhoneSimulator
		Debug|x64 = Debug|x64
		Debug|x86 = Debug|x86
		Release|Any CPU = Release|Any CPU
		Release|ARM = Release|ARM
		Release|iPhone = Release|iPhone
		Release|iPhoneSimulator = Release|iPhoneSimulator
		Release|x64 = Release|x64
		Release|x86 = Release|x86
	EndGlobalSection
	GlobalSection(ProjectConfigurationPlatforms) = postSolution
		{82FF1B52-EF7C-4DE7-B911-A62681FF0C9D}.Ad-Hoc|Any CPU.ActiveCfg = Release|Any CPU
		{82FF1B52-EF7C-4DE7-B911-A62681FF0C9D}.Ad-Hoc|Any CPU.Build.0 = Release|Any CPU
		{82FF1B52-EF7C-4DE7-B911-A62681FF0C9D}.Ad-Hoc|Any CPU.Deploy.0 = Release|Any CPU
		{82FF1B52-EF7C-4DE7-B911-A62681FF0C9D}.Ad-Hoc|ARM.ActiveCfg = Release|Any CPU
		{82FF1B52-EF7C-4DE7-B911-A62681FF0C9D}.Ad-Hoc|ARM.Build.0 = Release|Any CPU
		{82FF1B52-EF7C-4DE7-B911-A62681FF0C9D}.Ad-Hoc|ARM.Deploy.0 = Release|Any CPU
		{82FF1B52-EF7C-4DE7-B911-A62681FF0C9D}.Ad-Hoc|iPhone.ActiveCfg = Release|Any CPU
		{82FF1B52-EF7C-4DE7-B911-A62681FF0C9D}.Ad-Hoc|iPhone.Build.0 = Release|Any CPU
		{82FF1B52-EF7C-4DE7-B911-A62681FF0C9D}.Ad-Hoc|iPhone.Deploy.0 = Release|Any CPU
		{82FF1B52-EF7C-4DE7-B911-A62681FF0C9D}.Ad-Hoc|iPhoneSimulator.ActiveCfg = Release|Any CPU
		{82FF1B52-EF7C-4DE7-B911-A62681FF0C9D}.Ad-Hoc|iPhoneSimulator.Build.0 = Release|Any CPU
		{82FF1B52-EF7C-4DE7-B911-A62681FF0C9D}.Ad-Hoc|iPhoneSimulator.Deploy.0 = Release|Any CPU
		{82FF1B52-EF7C-4DE7-B911-A62681FF0C9D}.Ad-Hoc|x64.ActiveCfg = Release|Any CPU
		{82FF1B52-EF7C-4DE7-B911-A62681FF0C9D}.Ad-Hoc|x64.Build.0 = Release|Any CPU
		{82FF1B52-EF7C-4DE7-B911-A62681FF0C9D}.Ad-Hoc|x64.Deploy.0 = Release|Any CPU
		{82FF1B52-EF7C-4DE7-B911-A62681FF0C9D}.Ad-Hoc|x86.ActiveCfg = Release|Any CPU
		{82FF1B52-EF7C-4DE7-B911-A62681FF0C9D}.Ad-Hoc|x86.Build.0 = Release|Any CPU
		{82FF1B52-EF7C-4DE7-B911-A62681FF0C9D}.Ad-Hoc|x86.Deploy.0 = Release|Any CPU
		{82FF1B52-EF7C-4DE7-B911-A62681FF0C9D}.AppStore|Any CPU.ActiveCfg = Release|Any CPU
		{82FF1B52-EF7C-4DE7-B911-A62681FF0C9D}.AppStore|Any CPU.Build.0 = Release|Any CPU
		{82FF1B52-EF7C-4DE7-B911-A62681FF0C9D}.AppStore|Any CPU.Deploy.0 = Release|Any CPU
		{82FF1B52-EF7C-4DE7-B911-A62681FF0C9D}.AppStore|ARM.ActiveCfg = Release|Any CPU
		{82FF1B52-EF7C-4DE7-B911-A62681FF0C9D}.AppStore|ARM.Build.0 = Release|Any CPU
		{82FF1B52-EF7C-4DE7-B911-A62681FF0C9D}.AppStore|ARM.Deploy.0 = Release|Any CPU
		{82FF1B52-EF7C-4DE7-B911-A62681FF0C9D}.AppStore|iPhone.ActiveCfg = Release|Any CPU
		{82FF1B52-EF7C-4DE7-B911-A62681FF0C9D}.AppStore|iPhone.Build.0 = Release|Any CPU
		{82FF1B52-EF7C-4DE7-B911-A62681FF0C9D}.AppStore|iPhone.Deploy.0 = Release|Any CPU
		{82FF1B52-EF7C-4DE7-B911-A62681FF0C9D}.AppStore|iPhoneSimulator.ActiveCfg = Release|Any CPU
		{82FF1B52-EF7C-4DE7-B911-A62681FF0C9D}.AppStore|iPhoneSimulator.Build.0 = Release|Any CPU
		{82FF1B52-EF7C-4DE7-B911-A62681FF0C9D}.AppStore|iPhoneSimulator.Deploy.0 = Release|Any CPU
		{82FF1B52-EF7C-4DE7-B911-A62681FF0C9D}.AppStore|x64.ActiveCfg = Release|Any CPU
		{82FF1B52-EF7C-4DE7-B911-A62681FF0C9D}.AppStore|x64.Build.0 = Release|Any CPU
		{82FF1B52-EF7C-4DE7-B911-A62681FF0C9D}.AppStore|x64.Deploy.0 = Release|Any CPU
		{82FF1B52-EF7C-4DE7-B911-A62681FF0C9D}.AppStore|x86.ActiveCfg = Release|Any CPU
		{82FF1B52-EF7C-4DE7-B911-A62681FF0C9D}.AppStore|x86.Build.0 = Release|Any CPU
		{82FF1B52-EF7C-4DE7-B911-A62681FF0C9D}.AppStore|x86.Deploy.0 = Release|Any CPU
		{82FF1B52-EF7C-4DE7-B911-A62681FF0C9D}.Debug|Any CPU.ActiveCfg = Debug|Any CPU
		{82FF1B52-EF7C-4DE7-B911-A62681FF0C9D}.Debug|Any CPU.Build.0 = Debug|Any CPU
		{82FF1B52-EF7C-4DE7-B911-A62681FF0C9D}.Debug|Any CPU.Deploy.0 = Debug|Any CPU
		{82FF1B52-EF7C-4DE7-B911-A62681FF0C9D}.Debug|ARM.ActiveCfg = Debug|Any CPU
		{82FF1B52-EF7C-4DE7-B911-A62681FF0C9D}.Debug|ARM.Build.0 = Debug|Any CPU
		{82FF1B52-EF7C-4DE7-B911-A62681FF0C9D}.Debug|ARM.Deploy.0 = Debug|Any CPU
		{82FF1B52-EF7C-4DE7-B911-A62681FF0C9D}.Debug|iPhone.ActiveCfg = Debug|Any CPU
		{82FF1B52-EF7C-4DE7-B911-A62681FF0C9D}.Debug|iPhone.Build.0 = Debug|Any CPU
		{82FF1B52-EF7C-4DE7-B911-A62681FF0C9D}.Debug|iPhone.Deploy.0 = Debug|Any CPU
		{82FF1B52-EF7C-4DE7-B911-A62681FF0C9D}.Debug|iPhoneSimulator.ActiveCfg = Debug|Any CPU
		{82FF1B52-EF7C-4DE7-B911-A62681FF0C9D}.Debug|iPhoneSimulator.Build.0 = Debug|Any CPU
		{82FF1B52-EF7C-4DE7-B911-A62681FF0C9D}.Debug|iPhoneSimulator.Deploy.0 = Debug|Any CPU
		{82FF1B52-EF7C-4DE7-B911-A62681FF0C9D}.Debug|x64.ActiveCfg = Debug|Any CPU
		{82FF1B52-EF7C-4DE7-B911-A62681FF0C9D}.Debug|x64.Build.0 = Debug|Any CPU
		{82FF1B52-EF7C-4DE7-B911-A62681FF0C9D}.Debug|x64.Deploy.0 = Debug|Any CPU
		{82FF1B52-EF7C-4DE7-B911-A62681FF0C9D}.Debug|x86.ActiveCfg = Debug|Any CPU
		{82FF1B52-EF7C-4DE7-B911-A62681FF0C9D}.Debug|x86.Build.0 = Debug|Any CPU
		{82FF1B52-EF7C-4DE7-B911-A62681FF0C9D}.Debug|x86.Deploy.0 = Debug|Any CPU
		{82FF1B52-EF7C-4DE7-B911-A62681FF0C9D}.Release|Any CPU.ActiveCfg = Release|Any CPU
		{82FF1B52-EF7C-4DE7-B911-A62681FF0C9D}.Release|Any CPU.Build.0 = Release|Any CPU
		{82FF1B52-EF7C-4DE7-B911-A62681FF0C9D}.Release|Any CPU.Deploy.0 = Release|Any CPU
		{82FF1B52-EF7C-4DE7-B911-A62681FF0C9D}.Release|ARM.ActiveCfg = Release|Any CPU
		{82FF1B52-EF7C-4DE7-B911-A62681FF0C9D}.Release|ARM.Build.0 = Release|Any CPU
		{82FF1B52-EF7C-4DE7-B911-A62681FF0C9D}.Release|ARM.Deploy.0 = Release|Any CPU
		{82FF1B52-EF7C-4DE7-B911-A62681FF0C9D}.Release|iPhone.ActiveCfg = Release|Any CPU
		{82FF1B52-EF7C-4DE7-B911-A62681FF0C9D}.Release|iPhone.Build.0 = Release|Any CPU
		{82FF1B52-EF7C-4DE7-B911-A62681FF0C9D}.Release|iPhone.Deploy.0 = Release|Any CPU
		{82FF1B52-EF7C-4DE7-B911-A62681FF0C9D}.Release|iPhoneSimulator.ActiveCfg = Release|Any CPU
		{82FF1B52-EF7C-4DE7-B911-A62681FF0C9D}.Release|iPhoneSimulator.Build.0 = Release|Any CPU
		{82FF1B52-EF7C-4DE7-B911-A62681FF0C9D}.Release|iPhoneSimulator.Deploy.0 = Release|Any CPU
		{82FF1B52-EF7C-4DE7-B911-A62681FF0C9D}.Release|x64.ActiveCfg = Release|Any CPU
		{82FF1B52-EF7C-4DE7-B911-A62681FF0C9D}.Release|x64.Build.0 = Release|Any CPU
		{82FF1B52-EF7C-4DE7-B911-A62681FF0C9D}.Release|x64.Deploy.0 = Release|Any CPU
		{82FF1B52-EF7C-4DE7-B911-A62681FF0C9D}.Release|x86.ActiveCfg = Release|Any CPU
		{82FF1B52-EF7C-4DE7-B911-A62681FF0C9D}.Release|x86.Build.0 = Release|Any CPU
		{82FF1B52-EF7C-4DE7-B911-A62681FF0C9D}.Release|x86.Deploy.0 = Release|Any CPU
		{133948AC-F1C1-4CBF-B054-01D75C692623}.Ad-Hoc|Any CPU.ActiveCfg = Ad-Hoc|iPhone
		{133948AC-F1C1-4CBF-B054-01D75C692623}.Ad-Hoc|Any CPU.Build.0 = Ad-Hoc|iPhone
		{133948AC-F1C1-4CBF-B054-01D75C692623}.Ad-Hoc|Any CPU.Deploy.0 = Ad-Hoc|iPhone
		{133948AC-F1C1-4CBF-B054-01D75C692623}.Ad-Hoc|ARM.ActiveCfg = Ad-Hoc|iPhone
		{133948AC-F1C1-4CBF-B054-01D75C692623}.Ad-Hoc|ARM.Build.0 = Ad-Hoc|iPhone
		{133948AC-F1C1-4CBF-B054-01D75C692623}.Ad-Hoc|ARM.Deploy.0 = Ad-Hoc|iPhone
		{133948AC-F1C1-4CBF-B054-01D75C692623}.Ad-Hoc|iPhone.ActiveCfg = Ad-Hoc|iPhone
		{133948AC-F1C1-4CBF-B054-01D75C692623}.Ad-Hoc|iPhone.Build.0 = Ad-Hoc|iPhone
		{133948AC-F1C1-4CBF-B054-01D75C692623}.Ad-Hoc|iPhone.Deploy.0 = Ad-Hoc|iPhone
		{133948AC-F1C1-4CBF-B054-01D75C692623}.Ad-Hoc|iPhoneSimulator.ActiveCfg = Ad-Hoc|iPhoneSimulator
		{133948AC-F1C1-4CBF-B054-01D75C692623}.Ad-Hoc|iPhoneSimulator.Build.0 = Ad-Hoc|iPhoneSimulator
		{133948AC-F1C1-4CBF-B054-01D75C692623}.Ad-Hoc|iPhoneSimulator.Deploy.0 = Ad-Hoc|iPhoneSimulator
		{133948AC-F1C1-4CBF-B054-01D75C692623}.Ad-Hoc|x64.ActiveCfg = Ad-Hoc|iPhone
		{133948AC-F1C1-4CBF-B054-01D75C692623}.Ad-Hoc|x64.Build.0 = Ad-Hoc|iPhone
		{133948AC-F1C1-4CBF-B054-01D75C692623}.Ad-Hoc|x64.Deploy.0 = Ad-Hoc|iPhone
		{133948AC-F1C1-4CBF-B054-01D75C692623}.Ad-Hoc|x86.ActiveCfg = Ad-Hoc|iPhone
		{133948AC-F1C1-4CBF-B054-01D75C692623}.Ad-Hoc|x86.Build.0 = Ad-Hoc|iPhone
		{133948AC-F1C1-4CBF-B054-01D75C692623}.Ad-Hoc|x86.Deploy.0 = Ad-Hoc|iPhone
		{133948AC-F1C1-4CBF-B054-01D75C692623}.AppStore|Any CPU.ActiveCfg = AppStore|iPhone
		{133948AC-F1C1-4CBF-B054-01D75C692623}.AppStore|Any CPU.Build.0 = AppStore|iPhone
		{133948AC-F1C1-4CBF-B054-01D75C692623}.AppStore|Any CPU.Deploy.0 = AppStore|iPhone
		{133948AC-F1C1-4CBF-B054-01D75C692623}.AppStore|ARM.ActiveCfg = AppStore|iPhone
		{133948AC-F1C1-4CBF-B054-01D75C692623}.AppStore|ARM.Build.0 = AppStore|iPhone
		{133948AC-F1C1-4CBF-B054-01D75C692623}.AppStore|ARM.Deploy.0 = AppStore|iPhone
		{133948AC-F1C1-4CBF-B054-01D75C692623}.AppStore|iPhone.ActiveCfg = AppStore|iPhone
		{133948AC-F1C1-4CBF-B054-01D75C692623}.AppStore|iPhone.Build.0 = AppStore|iPhone
		{133948AC-F1C1-4CBF-B054-01D75C692623}.AppStore|iPhone.Deploy.0 = AppStore|iPhone
		{133948AC-F1C1-4CBF-B054-01D75C692623}.AppStore|iPhoneSimulator.ActiveCfg = AppStore|iPhoneSimulator
		{133948AC-F1C1-4CBF-B054-01D75C692623}.AppStore|iPhoneSimulator.Build.0 = AppStore|iPhoneSimulator
		{133948AC-F1C1-4CBF-B054-01D75C692623}.AppStore|iPhoneSimulator.Deploy.0 = AppStore|iPhoneSimulator
		{133948AC-F1C1-4CBF-B054-01D75C692623}.AppStore|x64.ActiveCfg = AppStore|iPhone
		{133948AC-F1C1-4CBF-B054-01D75C692623}.AppStore|x64.Build.0 = AppStore|iPhone
		{133948AC-F1C1-4CBF-B054-01D75C692623}.AppStore|x64.Deploy.0 = AppStore|iPhone
		{133948AC-F1C1-4CBF-B054-01D75C692623}.AppStore|x86.ActiveCfg = AppStore|iPhone
		{133948AC-F1C1-4CBF-B054-01D75C692623}.AppStore|x86.Build.0 = AppStore|iPhone
		{133948AC-F1C1-4CBF-B054-01D75C692623}.AppStore|x86.Deploy.0 = AppStore|iPhone
		{133948AC-F1C1-4CBF-B054-01D75C692623}.Debug|Any CPU.ActiveCfg = Debug|iPhoneSimulator
		{133948AC-F1C1-4CBF-B054-01D75C692623}.Debug|Any CPU.Build.0 = Debug|iPhoneSimulator
		{133948AC-F1C1-4CBF-B054-01D75C692623}.Debug|Any CPU.Deploy.0 = Debug|iPhoneSimulator
		{133948AC-F1C1-4CBF-B054-01D75C692623}.Debug|ARM.ActiveCfg = Debug|iPhone
		{133948AC-F1C1-4CBF-B054-01D75C692623}.Debug|ARM.Build.0 = Debug|iPhone
		{133948AC-F1C1-4CBF-B054-01D75C692623}.Debug|ARM.Deploy.0 = Debug|iPhone
		{133948AC-F1C1-4CBF-B054-01D75C692623}.Debug|iPhone.ActiveCfg = Debug|iPhone
		{133948AC-F1C1-4CBF-B054-01D75C692623}.Debug|iPhone.Build.0 = Debug|iPhone
		{133948AC-F1C1-4CBF-B054-01D75C692623}.Debug|iPhone.Deploy.0 = Debug|iPhone
		{133948AC-F1C1-4CBF-B054-01D75C692623}.Debug|iPhoneSimulator.ActiveCfg = Debug|iPhoneSimulator
		{133948AC-F1C1-4CBF-B054-01D75C692623}.Debug|iPhoneSimulator.Build.0 = Debug|iPhoneSimulator
		{133948AC-F1C1-4CBF-B054-01D75C692623}.Debug|iPhoneSimulator.Deploy.0 = Debug|iPhoneSimulator
		{133948AC-F1C1-4CBF-B054-01D75C692623}.Debug|x64.ActiveCfg = Debug|iPhone
		{133948AC-F1C1-4CBF-B054-01D75C692623}.Debug|x64.Build.0 = Debug|iPhone
		{133948AC-F1C1-4CBF-B054-01D75C692623}.Debug|x64.Deploy.0 = Debug|iPhone
		{133948AC-F1C1-4CBF-B054-01D75C692623}.Debug|x86.ActiveCfg = Debug|iPhone
		{133948AC-F1C1-4CBF-B054-01D75C692623}.Debug|x86.Build.0 = Debug|iPhone
		{133948AC-F1C1-4CBF-B054-01D75C692623}.Debug|x86.Deploy.0 = Debug|iPhone
		{133948AC-F1C1-4CBF-B054-01D75C692623}.Release|Any CPU.ActiveCfg = Release|iPhone
		{133948AC-F1C1-4CBF-B054-01D75C692623}.Release|Any CPU.Build.0 = Release|iPhone
		{133948AC-F1C1-4CBF-B054-01D75C692623}.Release|Any CPU.Deploy.0 = Release|iPhone
		{133948AC-F1C1-4CBF-B054-01D75C692623}.Release|ARM.ActiveCfg = Release|iPhone
		{133948AC-F1C1-4CBF-B054-01D75C692623}.Release|ARM.Build.0 = Release|iPhone
		{133948AC-F1C1-4CBF-B054-01D75C692623}.Release|ARM.Deploy.0 = Release|iPhone
		{133948AC-F1C1-4CBF-B054-01D75C692623}.Release|iPhone.ActiveCfg = Release|iPhone
		{133948AC-F1C1-4CBF-B054-01D75C692623}.Release|iPhone.Build.0 = Release|iPhone
		{133948AC-F1C1-4CBF-B054-01D75C692623}.Release|iPhone.Deploy.0 = Release|iPhone
		{133948AC-F1C1-4CBF-B054-01D75C692623}.Release|iPhoneSimulator.ActiveCfg = Release|iPhoneSimulator
		{133948AC-F1C1-4CBF-B054-01D75C692623}.Release|iPhoneSimulator.Build.0 = Release|iPhoneSimulator
		{133948AC-F1C1-4CBF-B054-01D75C692623}.Release|iPhoneSimulator.Deploy.0 = Release|iPhoneSimulator
		{133948AC-F1C1-4CBF-B054-01D75C692623}.Release|x64.ActiveCfg = Release|iPhone
		{133948AC-F1C1-4CBF-B054-01D75C692623}.Release|x64.Build.0 = Release|iPhone
		{133948AC-F1C1-4CBF-B054-01D75C692623}.Release|x64.Deploy.0 = Release|iPhone
		{133948AC-F1C1-4CBF-B054-01D75C692623}.Release|x86.ActiveCfg = Release|iPhone
		{133948AC-F1C1-4CBF-B054-01D75C692623}.Release|x86.Build.0 = Release|iPhone
		{133948AC-F1C1-4CBF-B054-01D75C692623}.Release|x86.Deploy.0 = Release|iPhone
		{3B4DC47F-37C5-4DB0-BB65-DDC9938675E2}.Ad-Hoc|Any CPU.ActiveCfg = Release|x86
		{3B4DC47F-37C5-4DB0-BB65-DDC9938675E2}.Ad-Hoc|Any CPU.Build.0 = Release|x86
		{3B4DC47F-37C5-4DB0-BB65-DDC9938675E2}.Ad-Hoc|Any CPU.Deploy.0 = Release|x86
		{3B4DC47F-37C5-4DB0-BB65-DDC9938675E2}.Ad-Hoc|ARM.ActiveCfg = Release|ARM
		{3B4DC47F-37C5-4DB0-BB65-DDC9938675E2}.Ad-Hoc|ARM.Build.0 = Release|ARM
		{3B4DC47F-37C5-4DB0-BB65-DDC9938675E2}.Ad-Hoc|ARM.Deploy.0 = Release|ARM
		{3B4DC47F-37C5-4DB0-BB65-DDC9938675E2}.Ad-Hoc|iPhone.ActiveCfg = Release|x86
		{3B4DC47F-37C5-4DB0-BB65-DDC9938675E2}.Ad-Hoc|iPhone.Build.0 = Release|x86
		{3B4DC47F-37C5-4DB0-BB65-DDC9938675E2}.Ad-Hoc|iPhone.Deploy.0 = Release|x86
		{3B4DC47F-37C5-4DB0-BB65-DDC9938675E2}.Ad-Hoc|iPhoneSimulator.ActiveCfg = Release|x86
		{3B4DC47F-37C5-4DB0-BB65-DDC9938675E2}.Ad-Hoc|iPhoneSimulator.Build.0 = Release|x86
		{3B4DC47F-37C5-4DB0-BB65-DDC9938675E2}.Ad-Hoc|iPhoneSimulator.Deploy.0 = Release|x86
		{3B4DC47F-37C5-4DB0-BB65-DDC9938675E2}.Ad-Hoc|x64.ActiveCfg = Release|x64
		{3B4DC47F-37C5-4DB0-BB65-DDC9938675E2}.Ad-Hoc|x64.Build.0 = Release|x64
		{3B4DC47F-37C5-4DB0-BB65-DDC9938675E2}.Ad-Hoc|x64.Deploy.0 = Release|x64
		{3B4DC47F-37C5-4DB0-BB65-DDC9938675E2}.Ad-Hoc|x86.ActiveCfg = Release|x86
		{3B4DC47F-37C5-4DB0-BB65-DDC9938675E2}.Ad-Hoc|x86.Build.0 = Release|x86
		{3B4DC47F-37C5-4DB0-BB65-DDC9938675E2}.Ad-Hoc|x86.Deploy.0 = Release|x86
		{3B4DC47F-37C5-4DB0-BB65-DDC9938675E2}.AppStore|Any CPU.ActiveCfg = Release|x86
		{3B4DC47F-37C5-4DB0-BB65-DDC9938675E2}.AppStore|Any CPU.Build.0 = Release|x86
		{3B4DC47F-37C5-4DB0-BB65-DDC9938675E2}.AppStore|Any CPU.Deploy.0 = Release|x86
		{3B4DC47F-37C5-4DB0-BB65-DDC9938675E2}.AppStore|ARM.ActiveCfg = Release|ARM
		{3B4DC47F-37C5-4DB0-BB65-DDC9938675E2}.AppStore|ARM.Build.0 = Release|ARM
		{3B4DC47F-37C5-4DB0-BB65-DDC9938675E2}.AppStore|ARM.Deploy.0 = Release|ARM
		{3B4DC47F-37C5-4DB0-BB65-DDC9938675E2}.AppStore|iPhone.ActiveCfg = Release|x86
		{3B4DC47F-37C5-4DB0-BB65-DDC9938675E2}.AppStore|iPhone.Build.0 = Release|x86
		{3B4DC47F-37C5-4DB0-BB65-DDC9938675E2}.AppStore|iPhone.Deploy.0 = Release|x86
		{3B4DC47F-37C5-4DB0-BB65-DDC9938675E2}.AppStore|iPhoneSimulator.ActiveCfg = Release|x86
		{3B4DC47F-37C5-4DB0-BB65-DDC9938675E2}.AppStore|iPhoneSimulator.Build.0 = Release|x86
		{3B4DC47F-37C5-4DB0-BB65-DDC9938675E2}.AppStore|iPhoneSimulator.Deploy.0 = Release|x86
		{3B4DC47F-37C5-4DB0-BB65-DDC9938675E2}.AppStore|x64.ActiveCfg = Release|x64
		{3B4DC47F-37C5-4DB0-BB65-DDC9938675E2}.AppStore|x64.Build.0 = Release|x64
		{3B4DC47F-37C5-4DB0-BB65-DDC9938675E2}.AppStore|x64.Deploy.0 = Release|x64
		{3B4DC47F-37C5-4DB0-BB65-DDC9938675E2}.AppStore|x86.ActiveCfg = Release|x86
		{3B4DC47F-37C5-4DB0-BB65-DDC9938675E2}.AppStore|x86.Build.0 = Release|x86
		{3B4DC47F-37C5-4DB0-BB65-DDC9938675E2}.AppStore|x86.Deploy.0 = Release|x86
		{3B4DC47F-37C5-4DB0-BB65-DDC9938675E2}.Debug|Any CPU.ActiveCfg = Debug|x86
		{3B4DC47F-37C5-4DB0-BB65-DDC9938675E2}.Debug|Any CPU.Build.0 = Debug|x86
		{3B4DC47F-37C5-4DB0-BB65-DDC9938675E2}.Debug|Any CPU.Deploy.0 = Debug|x86
		{3B4DC47F-37C5-4DB0-BB65-DDC9938675E2}.Debug|ARM.ActiveCfg = Debug|ARM
		{3B4DC47F-37C5-4DB0-BB65-DDC9938675E2}.Debug|ARM.Build.0 = Debug|ARM
		{3B4DC47F-37C5-4DB0-BB65-DDC9938675E2}.Debug|ARM.Deploy.0 = Debug|ARM
		{3B4DC47F-37C5-4DB0-BB65-DDC9938675E2}.Debug|iPhone.ActiveCfg = Debug|x86
		{3B4DC47F-37C5-4DB0-BB65-DDC9938675E2}.Debug|iPhone.Build.0 = Debug|x86
		{3B4DC47F-37C5-4DB0-BB65-DDC9938675E2}.Debug|iPhone.Deploy.0 = Debug|x86
		{3B4DC47F-37C5-4DB0-BB65-DDC9938675E2}.Debug|iPhoneSimulator.ActiveCfg = Debug|x86
		{3B4DC47F-37C5-4DB0-BB65-DDC9938675E2}.Debug|iPhoneSimulator.Build.0 = Debug|x86
		{3B4DC47F-37C5-4DB0-BB65-DDC9938675E2}.Debug|iPhoneSimulator.Deploy.0 = Debug|x86
		{3B4DC47F-37C5-4DB0-BB65-DDC9938675E2}.Debug|x64.ActiveCfg = Debug|x64
		{3B4DC47F-37C5-4DB0-BB65-DDC9938675E2}.Debug|x64.Build.0 = Debug|x64
		{3B4DC47F-37C5-4DB0-BB65-DDC9938675E2}.Debug|x64.Deploy.0 = Debug|x64
		{3B4DC47F-37C5-4DB0-BB65-DDC9938675E2}.Debug|x86.ActiveCfg = Debug|x86
		{3B4DC47F-37C5-4DB0-BB65-DDC9938675E2}.Debug|x86.Build.0 = Debug|x86
		{3B4DC47F-37C5-4DB0-BB65-DDC9938675E2}.Debug|x86.Deploy.0 = Debug|x86
		{3B4DC47F-37C5-4DB0-BB65-DDC9938675E2}.Release|Any CPU.ActiveCfg = Release|x86
		{3B4DC47F-37C5-4DB0-BB65-DDC9938675E2}.Release|Any CPU.Build.0 = Release|x86
		{3B4DC47F-37C5-4DB0-BB65-DDC9938675E2}.Release|Any CPU.Deploy.0 = Release|x86
		{3B4DC47F-37C5-4DB0-BB65-DDC9938675E2}.Release|ARM.ActiveCfg = Release|ARM
		{3B4DC47F-37C5-4DB0-BB65-DDC9938675E2}.Release|ARM.Build.0 = Release|ARM
		{3B4DC47F-37C5-4DB0-BB65-DDC9938675E2}.Release|ARM.Deploy.0 = Release|ARM
		{3B4DC47F-37C5-4DB0-BB65-DDC9938675E2}.Release|iPhone.ActiveCfg = Release|x86
		{3B4DC47F-37C5-4DB0-BB65-DDC9938675E2}.Release|iPhone.Build.0 = Release|x86
		{3B4DC47F-37C5-4DB0-BB65-DDC9938675E2}.Release|iPhone.Deploy.0 = Release|x86
		{3B4DC47F-37C5-4DB0-BB65-DDC9938675E2}.Release|iPhoneSimulator.ActiveCfg = Release|x86
		{3B4DC47F-37C5-4DB0-BB65-DDC9938675E2}.Release|iPhoneSimulator.Build.0 = Release|x86
		{3B4DC47F-37C5-4DB0-BB65-DDC9938675E2}.Release|iPhoneSimulator.Deploy.0 = Release|x86
		{3B4DC47F-37C5-4DB0-BB65-DDC9938675E2}.Release|x64.ActiveCfg = Release|x64
		{3B4DC47F-37C5-4DB0-BB65-DDC9938675E2}.Release|x64.Build.0 = Release|x64
		{3B4DC47F-37C5-4DB0-BB65-DDC9938675E2}.Release|x64.Deploy.0 = Release|x64
		{3B4DC47F-37C5-4DB0-BB65-DDC9938675E2}.Release|x86.ActiveCfg = Release|x86
		{3B4DC47F-37C5-4DB0-BB65-DDC9938675E2}.Release|x86.Build.0 = Release|x86
		{3B4DC47F-37C5-4DB0-BB65-DDC9938675E2}.Release|x86.Deploy.0 = Release|x86
		{C5042D7A-3839-4ACF-B9F7-81EB6ACD964B}.Ad-Hoc|Any CPU.ActiveCfg = Debug|Any CPU
		{C5042D7A-3839-4ACF-B9F7-81EB6ACD964B}.Ad-Hoc|Any CPU.Build.0 = Debug|Any CPU
		{C5042D7A-3839-4ACF-B9F7-81EB6ACD964B}.Ad-Hoc|Any CPU.Deploy.0 = Debug|Any CPU
		{C5042D7A-3839-4ACF-B9F7-81EB6ACD964B}.Ad-Hoc|ARM.ActiveCfg = Debug|Any CPU
		{C5042D7A-3839-4ACF-B9F7-81EB6ACD964B}.Ad-Hoc|ARM.Build.0 = Debug|Any CPU
		{C5042D7A-3839-4ACF-B9F7-81EB6ACD964B}.Ad-Hoc|ARM.Deploy.0 = Debug|Any CPU
		{C5042D7A-3839-4ACF-B9F7-81EB6ACD964B}.Ad-Hoc|iPhone.ActiveCfg = Debug|Any CPU
		{C5042D7A-3839-4ACF-B9F7-81EB6ACD964B}.Ad-Hoc|iPhone.Build.0 = Debug|Any CPU
		{C5042D7A-3839-4ACF-B9F7-81EB6ACD964B}.Ad-Hoc|iPhone.Deploy.0 = Debug|Any CPU
		{C5042D7A-3839-4ACF-B9F7-81EB6ACD964B}.Ad-Hoc|iPhoneSimulator.ActiveCfg = Debug|Any CPU
		{C5042D7A-3839-4ACF-B9F7-81EB6ACD964B}.Ad-Hoc|iPhoneSimulator.Build.0 = Debug|Any CPU
		{C5042D7A-3839-4ACF-B9F7-81EB6ACD964B}.Ad-Hoc|iPhoneSimulator.Deploy.0 = Debug|Any CPU
		{C5042D7A-3839-4ACF-B9F7-81EB6ACD964B}.Ad-Hoc|x64.ActiveCfg = Debug|Any CPU
		{C5042D7A-3839-4ACF-B9F7-81EB6ACD964B}.Ad-Hoc|x64.Build.0 = Debug|Any CPU
		{C5042D7A-3839-4ACF-B9F7-81EB6ACD964B}.Ad-Hoc|x64.Deploy.0 = Debug|Any CPU
		{C5042D7A-3839-4ACF-B9F7-81EB6ACD964B}.Ad-Hoc|x86.ActiveCfg = Debug|Any CPU
		{C5042D7A-3839-4ACF-B9F7-81EB6ACD964B}.Ad-Hoc|x86.Build.0 = Debug|Any CPU
		{C5042D7A-3839-4ACF-B9F7-81EB6ACD964B}.Ad-Hoc|x86.Deploy.0 = Debug|Any CPU
		{C5042D7A-3839-4ACF-B9F7-81EB6ACD964B}.AppStore|Any CPU.ActiveCfg = Debug|Any CPU
		{C5042D7A-3839-4ACF-B9F7-81EB6ACD964B}.AppStore|Any CPU.Build.0 = Debug|Any CPU
		{C5042D7A-3839-4ACF-B9F7-81EB6ACD964B}.AppStore|Any CPU.Deploy.0 = Debug|Any CPU
		{C5042D7A-3839-4ACF-B9F7-81EB6ACD964B}.AppStore|ARM.ActiveCfg = Debug|Any CPU
		{C5042D7A-3839-4ACF-B9F7-81EB6ACD964B}.AppStore|ARM.Build.0 = Debug|Any CPU
		{C5042D7A-3839-4ACF-B9F7-81EB6ACD964B}.AppStore|ARM.Deploy.0 = Debug|Any CPU
		{C5042D7A-3839-4ACF-B9F7-81EB6ACD964B}.AppStore|iPhone.ActiveCfg = Debug|Any CPU
		{C5042D7A-3839-4ACF-B9F7-81EB6ACD964B}.AppStore|iPhone.Build.0 = Debug|Any CPU
		{C5042D7A-3839-4ACF-B9F7-81EB6ACD964B}.AppStore|iPhone.Deploy.0 = Debug|Any CPU
		{C5042D7A-3839-4ACF-B9F7-81EB6ACD964B}.AppStore|iPhoneSimulator.ActiveCfg = Debug|Any CPU
		{C5042D7A-3839-4ACF-B9F7-81EB6ACD964B}.AppStore|iPhoneSimulator.Build.0 = Debug|Any CPU
		{C5042D7A-3839-4ACF-B9F7-81EB6ACD964B}.AppStore|iPhoneSimulator.Deploy.0 = Debug|Any CPU
		{C5042D7A-3839-4ACF-B9F7-81EB6ACD964B}.AppStore|x64.ActiveCfg = Debug|Any CPU
		{C5042D7A-3839-4ACF-B9F7-81EB6ACD964B}.AppStore|x64.Build.0 = Debug|Any CPU
		{C5042D7A-3839-4ACF-B9F7-81EB6ACD964B}.AppStore|x64.Deploy.0 = Debug|Any CPU
		{C5042D7A-3839-4ACF-B9F7-81EB6ACD964B}.AppStore|x86.ActiveCfg = Debug|Any CPU
		{C5042D7A-3839-4ACF-B9F7-81EB6ACD964B}.AppStore|x86.Build.0 = Debug|Any CPU
		{C5042D7A-3839-4ACF-B9F7-81EB6ACD964B}.AppStore|x86.Deploy.0 = Debug|Any CPU
		{C5042D7A-3839-4ACF-B9F7-81EB6ACD964B}.Debug|Any CPU.ActiveCfg = Debug|Any CPU
		{C5042D7A-3839-4ACF-B9F7-81EB6ACD964B}.Debug|Any CPU.Build.0 = Debug|Any CPU
		{C5042D7A-3839-4ACF-B9F7-81EB6ACD964B}.Debug|Any CPU.Deploy.0 = Debug|Any CPU
		{C5042D7A-3839-4ACF-B9F7-81EB6ACD964B}.Debug|ARM.ActiveCfg = Debug|Any CPU
		{C5042D7A-3839-4ACF-B9F7-81EB6ACD964B}.Debug|ARM.Build.0 = Debug|Any CPU
		{C5042D7A-3839-4ACF-B9F7-81EB6ACD964B}.Debug|ARM.Deploy.0 = Debug|Any CPU
		{C5042D7A-3839-4ACF-B9F7-81EB6ACD964B}.Debug|iPhone.ActiveCfg = Debug|Any CPU
		{C5042D7A-3839-4ACF-B9F7-81EB6ACD964B}.Debug|iPhone.Build.0 = Debug|Any CPU
		{C5042D7A-3839-4ACF-B9F7-81EB6ACD964B}.Debug|iPhone.Deploy.0 = Debug|Any CPU
		{C5042D7A-3839-4ACF-B9F7-81EB6ACD964B}.Debug|iPhoneSimulator.ActiveCfg = Debug|Any CPU
		{C5042D7A-3839-4ACF-B9F7-81EB6ACD964B}.Debug|iPhoneSimulator.Build.0 = Debug|Any CPU
		{C5042D7A-3839-4ACF-B9F7-81EB6ACD964B}.Debug|iPhoneSimulator.Deploy.0 = Debug|Any CPU
		{C5042D7A-3839-4ACF-B9F7-81EB6ACD964B}.Debug|x64.ActiveCfg = Debug|Any CPU
		{C5042D7A-3839-4ACF-B9F7-81EB6ACD964B}.Debug|x64.Build.0 = Debug|Any CPU
		{C5042D7A-3839-4ACF-B9F7-81EB6ACD964B}.Debug|x64.Deploy.0 = Debug|Any CPU
		{C5042D7A-3839-4ACF-B9F7-81EB6ACD964B}.Debug|x86.ActiveCfg = Debug|Any CPU
		{C5042D7A-3839-4ACF-B9F7-81EB6ACD964B}.Debug|x86.Build.0 = Debug|Any CPU
		{C5042D7A-3839-4ACF-B9F7-81EB6ACD964B}.Debug|x86.Deploy.0 = Debug|Any CPU
		{C5042D7A-3839-4ACF-B9F7-81EB6ACD964B}.Release|Any CPU.ActiveCfg = Release|Any CPU
		{C5042D7A-3839-4ACF-B9F7-81EB6ACD964B}.Release|Any CPU.Build.0 = Release|Any CPU
		{C5042D7A-3839-4ACF-B9F7-81EB6ACD964B}.Release|Any CPU.Deploy.0 = Release|Any CPU
		{C5042D7A-3839-4ACF-B9F7-81EB6ACD964B}.Release|ARM.ActiveCfg = Release|Any CPU
		{C5042D7A-3839-4ACF-B9F7-81EB6ACD964B}.Release|ARM.Build.0 = Release|Any CPU
		{C5042D7A-3839-4ACF-B9F7-81EB6ACD964B}.Release|ARM.Deploy.0 = Release|Any CPU
		{C5042D7A-3839-4ACF-B9F7-81EB6ACD964B}.Release|iPhone.ActiveCfg = Release|Any CPU
		{C5042D7A-3839-4ACF-B9F7-81EB6ACD964B}.Release|iPhone.Build.0 = Release|Any CPU
		{C5042D7A-3839-4ACF-B9F7-81EB6ACD964B}.Release|iPhone.Deploy.0 = Release|Any CPU
		{C5042D7A-3839-4ACF-B9F7-81EB6ACD964B}.Release|iPhoneSimulator.ActiveCfg = Release|Any CPU
		{C5042D7A-3839-4ACF-B9F7-81EB6ACD964B}.Release|iPhoneSimulator.Build.0 = Release|Any CPU
		{C5042D7A-3839-4ACF-B9F7-81EB6ACD964B}.Release|iPhoneSimulator.Deploy.0 = Release|Any CPU
		{C5042D7A-3839-4ACF-B9F7-81EB6ACD964B}.Release|x64.ActiveCfg = Release|Any CPU
		{C5042D7A-3839-4ACF-B9F7-81EB6ACD964B}.Release|x64.Build.0 = Release|Any CPU
		{C5042D7A-3839-4ACF-B9F7-81EB6ACD964B}.Release|x64.Deploy.0 = Release|Any CPU
		{C5042D7A-3839-4ACF-B9F7-81EB6ACD964B}.Release|x86.ActiveCfg = Release|Any CPU
		{C5042D7A-3839-4ACF-B9F7-81EB6ACD964B}.Release|x86.Build.0 = Release|Any CPU
		{C5042D7A-3839-4ACF-B9F7-81EB6ACD964B}.Release|x86.Deploy.0 = Release|Any CPU
	EndGlobalSection
	GlobalSection(SolutionProperties) = preSolution
		HideSolutionNode = FALSE
	EndGlobalSection
	GlobalSection(ExtensibilityGlobals) = postSolution
		SolutionGuid = {DD7A9660-06C2-43D9-87D1-B22E3C7C2D53}
	EndGlobalSection
EndGlobal
