
Microsoft Visual Studio Solution File, Format Version 12.00
# Visual Studio 15
VisualStudioVersion = 15.0.28307.168
MinimumVisualStudioVersion = 10.0.40219.1
Project("{FAE04EC0-301F-11D3-BF4B-00C04F79EFBC}") = "Splat203.Console", "Splat203\Splat203.Console.csproj", "{0D607BF8-BA55-435C-9647-3E913392835B}"
EndProject
Project("{9A19103F-16F7-4668-BE54-9A1E7A4F7556}") = "Splat", "..\..\..\github\reactiveui\splat\src\Splat\Splat.csproj", "{C40E1842-D015-4BF8-9D53-B724C4227C26}"
EndProject
Global
	GlobalSection(SolutionConfigurationPlatforms) = preSolution
		Debug|Any CPU = Debug|Any CPU
		Release|Any CPU = Release|Any CPU
	EndGlobalSection
	GlobalSection(ProjectConfigurationPlatforms) = postSolution
		{0D607BF8-BA55-435C-9647-3E913392835B}.Debug|Any CPU.ActiveCfg = Debug|Any CPU
		{0D607BF8-BA55-435C-9647-3E913392835B}.Debug|Any CPU.Build.0 = Debug|Any CPU
		{0D607BF8-BA55-435C-9647-3E913392835B}.Release|Any CPU.ActiveCfg = Release|Any CPU
		{0D607BF8-BA55-435C-9647-3E913392835B}.Release|Any CPU.Build.0 = Release|Any CPU
		{C40E1842-D015-4BF8-9D53-B724C4227C26}.Debug|Any CPU.ActiveCfg = Debug|Any CPU
		{C40E1842-D015-4BF8-9D53-B724C4227C26}.Debug|Any CPU.Build.0 = Debug|Any CPU
		{C40E1842-D015-4BF8-9D53-B724C4227C26}.Release|Any CPU.ActiveCfg = Release|Any CPU
		{C40E1842-D015-4BF8-9D53-B724C4227C26}.Release|Any CPU.Build.0 = Release|Any CPU
	EndGlobalSection
	GlobalSection(SolutionProperties) = preSolution
		HideSolutionNode = FALSE
	EndGlobalSection
	GlobalSection(ExtensibilityGlobals) = postSolution
		SolutionGuid = {EE1F86CB-5068-4F68-AE13-388D70EB69B8}
	EndGlobalSection
EndGlobal
