
Microsoft Visual Studio Solution File, Format Version 12.00
# Visual Studio 15
Project("{FAE04EC0-301F-11D3-BF4B-00C04F79EFBC}") = "SO61130182.Android", "SO61130182.Android\SO61130182.Android.csproj", "{FE99C426-B578-422D-A229-DDBBF618ADAC}"
EndProject
Project("{FAE04EC0-301F-11D3-BF4B-00C04F79EFBC}") = "SO61130182.iOS", "SO61130182.iOS\SO61130182.iOS.csproj", "{7718B49D-A85D-4295-876A-7044E8540E94}"
EndProject
Project("{FAE04EC0-301F-11D3-BF4B-00C04F79EFBC}") = "SO61130182", "SO61130182\SO61130182.csproj", "{65DFFD83-7090-47F0-81A5-1103233025E8}"
EndProject
Global
	GlobalSection(SolutionConfigurationPlatforms) = preSolution
		Debug|Any CPU = Debug|Any CPU
		Release|Any CPU = Release|Any CPU
		Debug|iPhoneSimulator = Debug|iPhoneSimulator
		Release|iPhoneSimulator = Release|iPhoneSimulator
		Debug|iPhone = Debug|iPhone
		Release|iPhone = Release|iPhone
	EndGlobalSection
	GlobalSection(ProjectConfigurationPlatforms) = postSolution
		{FE99C426-B578-422D-A229-DDBBF618ADAC}.Debug|Any CPU.ActiveCfg = Debug|Any CPU
		{FE99C426-B578-422D-A229-DDBBF618ADAC}.Debug|Any CPU.Build.0 = Debug|Any CPU
		{FE99C426-B578-422D-A229-DDBBF618ADAC}.Release|Any CPU.ActiveCfg = Release|Any CPU
		{FE99C426-B578-422D-A229-DDBBF618ADAC}.Release|Any CPU.Build.0 = Release|Any CPU
		{FE99C426-B578-422D-A229-DDBBF618ADAC}.Debug|iPhoneSimulator.ActiveCfg = Debug|Any CPU
		{FE99C426-B578-422D-A229-DDBBF618ADAC}.Debug|iPhoneSimulator.Build.0 = Debug|Any CPU
		{FE99C426-B578-422D-A229-DDBBF618ADAC}.Release|iPhoneSimulator.ActiveCfg = Release|Any CPU
		{FE99C426-B578-422D-A229-DDBBF618ADAC}.Release|iPhoneSimulator.Build.0 = Release|Any CPU
		{FE99C426-B578-422D-A229-DDBBF618ADAC}.Debug|iPhone.ActiveCfg = Debug|Any CPU
		{FE99C426-B578-422D-A229-DDBBF618ADAC}.Debug|iPhone.Build.0 = Debug|Any CPU
		{FE99C426-B578-422D-A229-DDBBF618ADAC}.Release|iPhone.ActiveCfg = Release|Any CPU
		{FE99C426-B578-422D-A229-DDBBF618ADAC}.Release|iPhone.Build.0 = Release|Any CPU
		{7718B49D-A85D-4295-876A-7044E8540E94}.Debug|Any CPU.ActiveCfg = Debug|iPhoneSimulator
		{7718B49D-A85D-4295-876A-7044E8540E94}.Debug|Any CPU.Build.0 = Debug|iPhoneSimulator
		{7718B49D-A85D-4295-876A-7044E8540E94}.Release|Any CPU.ActiveCfg = Release|iPhoneSimulator
		{7718B49D-A85D-4295-876A-7044E8540E94}.Release|Any CPU.Build.0 = Release|iPhoneSimulator
		{7718B49D-A85D-4295-876A-7044E8540E94}.Debug|iPhoneSimulator.ActiveCfg = Debug|iPhoneSimulator
		{7718B49D-A85D-4295-876A-7044E8540E94}.Debug|iPhoneSimulator.Build.0 = Debug|iPhoneSimulator
		{7718B49D-A85D-4295-876A-7044E8540E94}.Release|iPhoneSimulator.ActiveCfg = Release|iPhoneSimulator
		{7718B49D-A85D-4295-876A-7044E8540E94}.Release|iPhoneSimulator.Build.0 = Release|iPhoneSimulator
		{7718B49D-A85D-4295-876A-7044E8540E94}.Debug|iPhone.ActiveCfg = Debug|iPhone
		{7718B49D-A85D-4295-876A-7044E8540E94}.Debug|iPhone.Build.0 = Debug|iPhone
		{7718B49D-A85D-4295-876A-7044E8540E94}.Release|iPhone.ActiveCfg = Release|iPhone
		{7718B49D-A85D-4295-876A-7044E8540E94}.Release|iPhone.Build.0 = Release|iPhone
		{65DFFD83-7090-47F0-81A5-1103233025E8}.Debug|Any CPU.ActiveCfg = Debug|Any CPU
		{65DFFD83-7090-47F0-81A5-1103233025E8}.Debug|Any CPU.Build.0 = Debug|Any CPU
		{65DFFD83-7090-47F0-81A5-1103233025E8}.Release|Any CPU.ActiveCfg = Release|Any CPU
		{65DFFD83-7090-47F0-81A5-1103233025E8}.Release|Any CPU.Build.0 = Release|Any CPU
		{65DFFD83-7090-47F0-81A5-1103233025E8}.Debug|iPhoneSimulator.ActiveCfg = Debug|Any CPU
		{65DFFD83-7090-47F0-81A5-1103233025E8}.Debug|iPhoneSimulator.Build.0 = Debug|Any CPU
		{65DFFD83-7090-47F0-81A5-1103233025E8}.Release|iPhoneSimulator.ActiveCfg = Release|Any CPU
		{65DFFD83-7090-47F0-81A5-1103233025E8}.Release|iPhoneSimulator.Build.0 = Release|Any CPU
		{65DFFD83-7090-47F0-81A5-1103233025E8}.Debug|iPhone.ActiveCfg = Debug|Any CPU
		{65DFFD83-7090-47F0-81A5-1103233025E8}.Debug|iPhone.Build.0 = Debug|Any CPU
		{65DFFD83-7090-47F0-81A5-1103233025E8}.Release|iPhone.ActiveCfg = Release|Any CPU
		{65DFFD83-7090-47F0-81A5-1103233025E8}.Release|iPhone.Build.0 = Release|Any CPU
	EndGlobalSection
EndGlobal
