
Microsoft Visual Studio Solution File, Format Version 12.00
# Visual Studio 15
Project("{FAE04EC0-301F-11D3-BF4B-00C04F79EFBC}") = "Android", "Android\Android.csproj", "{B49003A1-FDFB-482C-BF5C-BDED0D594D48}"
EndProject
Project("{FAE04EC0-301F-11D3-BF4B-00C04F79EFBC}") = "iOS", "iOS\iOS.csproj", "{26D93EDC-3F0C-4558-B14F-0FB95C5BF586}"
EndProject
Project("{FAE04EC0-301F-11D3-BF4B-00C04F79EFBC}") = "LoadData", "LoadData\LoadData.csproj", "{4B201D0A-8888-4DC6-AFAF-8B1DBA998BEC}"
EndProject
Project("{FAE04EC0-301F-11D3-BF4B-00C04F79EFBC}") = "Services", "Services\Services.csproj", "{ECE4B977-B88F-49D8-9429-183E67515377}"
EndProject
Project("{2150E333-8FDC-42A3-9474-1A3956D46DE8}") = ".solution", ".solution", "{9F35AD2C-A921-4928-A843-0E8B2533FCE8}"
ProjectSection(SolutionItems) = preProject
	README.md = README.md
EndProjectSection
EndProject
Project("{FAE04EC0-301F-11D3-BF4B-00C04F79EFBC}") = "SignalRHub", "SignalRHub\SignalRHub.csproj", "{8A30229E-0B0D-448E-BBE4-8387BEF95705}"
EndProject
Project("{2150E333-8FDC-42A3-9474-1A3956D46DE8}") = "targets", "targets", "{78B6B7AA-2535-472C-95A5-71886B47BB61}"
EndProject
Project("{2150E333-8FDC-42A3-9474-1A3956D46DE8}") = "core", "core", "{65F2E0E6-778D-429E-A7C4-4DE9ED8BC9A5}"
EndProject
Project("{2150E333-8FDC-42A3-9474-1A3956D46DE8}") = "web", "web", "{9724B1B9-11B1-457A-B96C-91B3927C4466}"
EndProject
Project("{FAE04EC0-301F-11D3-BF4B-00C04F79EFBC}") = "SignalRHub.Client", "SignalRHub.Client\SignalRHub.Client.csproj", "{EC077462-E965-4B67-97C7-5C5C17707984}"
EndProject
Project("{FAE04EC0-301F-11D3-BF4B-00C04F79EFBC}") = "Data", "Data\Data.csproj", "{75FC81CE-4BE4-4637-964A-0B3970B99183}"
EndProject
Global
	GlobalSection(SolutionConfigurationPlatforms) = preSolution
		Debug|Any CPU = Debug|Any CPU
		Release|Any CPU = Release|Any CPU
		Debug|iPhoneSimulator = Debug|iPhoneSimulator
		Release|iPhoneSimulator = Release|iPhoneSimulator
		Debug|iPhone = Debug|iPhone
		Release|iPhone = Release|iPhone
	EndGlobalSection
	GlobalSection(ProjectConfigurationPlatforms) = postSolution
		{B49003A1-FDFB-482C-BF5C-BDED0D594D48}.Debug|Any CPU.ActiveCfg = Debug|Any CPU
		{B49003A1-FDFB-482C-BF5C-BDED0D594D48}.Debug|Any CPU.Build.0 = Debug|Any CPU
		{B49003A1-FDFB-482C-BF5C-BDED0D594D48}.Release|Any CPU.ActiveCfg = Release|Any CPU
		{B49003A1-FDFB-482C-BF5C-BDED0D594D48}.Release|Any CPU.Build.0 = Release|Any CPU
		{B49003A1-FDFB-482C-BF5C-BDED0D594D48}.Debug|iPhoneSimulator.ActiveCfg = Debug|Any CPU
		{B49003A1-FDFB-482C-BF5C-BDED0D594D48}.Debug|iPhoneSimulator.Build.0 = Debug|Any CPU
		{B49003A1-FDFB-482C-BF5C-BDED0D594D48}.Release|iPhoneSimulator.ActiveCfg = Release|Any CPU
		{B49003A1-FDFB-482C-BF5C-BDED0D594D48}.Release|iPhoneSimulator.Build.0 = Release|Any CPU
		{B49003A1-FDFB-482C-BF5C-BDED0D594D48}.Debug|iPhone.ActiveCfg = Debug|Any CPU
		{B49003A1-FDFB-482C-BF5C-BDED0D594D48}.Debug|iPhone.Build.0 = Debug|Any CPU
		{B49003A1-FDFB-482C-BF5C-BDED0D594D48}.Release|iPhone.ActiveCfg = Release|Any CPU
		{B49003A1-FDFB-482C-BF5C-BDED0D594D48}.Release|iPhone.Build.0 = Release|Any CPU
		{26D93EDC-3F0C-4558-B14F-0FB95C5BF586}.Debug|Any CPU.ActiveCfg = Debug|iPhoneSimulator
		{26D93EDC-3F0C-4558-B14F-0FB95C5BF586}.Debug|Any CPU.Build.0 = Debug|iPhoneSimulator
		{26D93EDC-3F0C-4558-B14F-0FB95C5BF586}.Release|Any CPU.ActiveCfg = Release|iPhoneSimulator
		{26D93EDC-3F0C-4558-B14F-0FB95C5BF586}.Release|Any CPU.Build.0 = Release|iPhoneSimulator
		{26D93EDC-3F0C-4558-B14F-0FB95C5BF586}.Debug|iPhoneSimulator.ActiveCfg = Debug|iPhoneSimulator
		{26D93EDC-3F0C-4558-B14F-0FB95C5BF586}.Debug|iPhoneSimulator.Build.0 = Debug|iPhoneSimulator
		{26D93EDC-3F0C-4558-B14F-0FB95C5BF586}.Release|iPhoneSimulator.ActiveCfg = Release|iPhoneSimulator
		{26D93EDC-3F0C-4558-B14F-0FB95C5BF586}.Release|iPhoneSimulator.Build.0 = Release|iPhoneSimulator
		{26D93EDC-3F0C-4558-B14F-0FB95C5BF586}.Debug|iPhone.ActiveCfg = Debug|iPhone
		{26D93EDC-3F0C-4558-B14F-0FB95C5BF586}.Debug|iPhone.Build.0 = Debug|iPhone
		{26D93EDC-3F0C-4558-B14F-0FB95C5BF586}.Release|iPhone.ActiveCfg = Release|iPhone
		{26D93EDC-3F0C-4558-B14F-0FB95C5BF586}.Release|iPhone.Build.0 = Release|iPhone
		{4B201D0A-8888-4DC6-AFAF-8B1DBA998BEC}.Debug|Any CPU.ActiveCfg = Debug|Any CPU
		{4B201D0A-8888-4DC6-AFAF-8B1DBA998BEC}.Debug|Any CPU.Build.0 = Debug|Any CPU
		{4B201D0A-8888-4DC6-AFAF-8B1DBA998BEC}.Release|Any CPU.ActiveCfg = Release|Any CPU
		{4B201D0A-8888-4DC6-AFAF-8B1DBA998BEC}.Release|Any CPU.Build.0 = Release|Any CPU
		{4B201D0A-8888-4DC6-AFAF-8B1DBA998BEC}.Debug|iPhoneSimulator.ActiveCfg = Debug|Any CPU
		{4B201D0A-8888-4DC6-AFAF-8B1DBA998BEC}.Debug|iPhoneSimulator.Build.0 = Debug|Any CPU
		{4B201D0A-8888-4DC6-AFAF-8B1DBA998BEC}.Release|iPhoneSimulator.ActiveCfg = Release|Any CPU
		{4B201D0A-8888-4DC6-AFAF-8B1DBA998BEC}.Release|iPhoneSimulator.Build.0 = Release|Any CPU
		{4B201D0A-8888-4DC6-AFAF-8B1DBA998BEC}.Debug|iPhone.ActiveCfg = Debug|Any CPU
		{4B201D0A-8888-4DC6-AFAF-8B1DBA998BEC}.Debug|iPhone.Build.0 = Debug|Any CPU
		{4B201D0A-8888-4DC6-AFAF-8B1DBA998BEC}.Release|iPhone.ActiveCfg = Release|Any CPU
		{4B201D0A-8888-4DC6-AFAF-8B1DBA998BEC}.Release|iPhone.Build.0 = Release|Any CPU
		{ECE4B977-B88F-49D8-9429-183E67515377}.Debug|Any CPU.ActiveCfg = Debug|Any CPU
		{ECE4B977-B88F-49D8-9429-183E67515377}.Debug|Any CPU.Build.0 = Debug|Any CPU
		{ECE4B977-B88F-49D8-9429-183E67515377}.Release|Any CPU.ActiveCfg = Release|Any CPU
		{ECE4B977-B88F-49D8-9429-183E67515377}.Release|Any CPU.Build.0 = Release|Any CPU
		{ECE4B977-B88F-49D8-9429-183E67515377}.Debug|iPhoneSimulator.ActiveCfg = Debug|Any CPU
		{ECE4B977-B88F-49D8-9429-183E67515377}.Debug|iPhoneSimulator.Build.0 = Debug|Any CPU
		{ECE4B977-B88F-49D8-9429-183E67515377}.Release|iPhoneSimulator.ActiveCfg = Release|Any CPU
		{ECE4B977-B88F-49D8-9429-183E67515377}.Release|iPhoneSimulator.Build.0 = Release|Any CPU
		{ECE4B977-B88F-49D8-9429-183E67515377}.Debug|iPhone.ActiveCfg = Debug|Any CPU
		{ECE4B977-B88F-49D8-9429-183E67515377}.Debug|iPhone.Build.0 = Debug|Any CPU
		{ECE4B977-B88F-49D8-9429-183E67515377}.Release|iPhone.ActiveCfg = Release|Any CPU
		{ECE4B977-B88F-49D8-9429-183E67515377}.Release|iPhone.Build.0 = Release|Any CPU
		{8A30229E-0B0D-448E-BBE4-8387BEF95705}.Debug|Any CPU.ActiveCfg = Debug|Any CPU
		{8A30229E-0B0D-448E-BBE4-8387BEF95705}.Debug|Any CPU.Build.0 = Debug|Any CPU
		{8A30229E-0B0D-448E-BBE4-8387BEF95705}.Release|Any CPU.ActiveCfg = Release|Any CPU
		{8A30229E-0B0D-448E-BBE4-8387BEF95705}.Release|Any CPU.Build.0 = Release|Any CPU
		{8A30229E-0B0D-448E-BBE4-8387BEF95705}.Debug|iPhoneSimulator.ActiveCfg = Debug|Any CPU
		{8A30229E-0B0D-448E-BBE4-8387BEF95705}.Debug|iPhoneSimulator.Build.0 = Debug|Any CPU
		{8A30229E-0B0D-448E-BBE4-8387BEF95705}.Release|iPhoneSimulator.ActiveCfg = Release|Any CPU
		{8A30229E-0B0D-448E-BBE4-8387BEF95705}.Release|iPhoneSimulator.Build.0 = Release|Any CPU
		{8A30229E-0B0D-448E-BBE4-8387BEF95705}.Debug|iPhone.ActiveCfg = Debug|Any CPU
		{8A30229E-0B0D-448E-BBE4-8387BEF95705}.Debug|iPhone.Build.0 = Debug|Any CPU
		{8A30229E-0B0D-448E-BBE4-8387BEF95705}.Release|iPhone.ActiveCfg = Release|Any CPU
		{8A30229E-0B0D-448E-BBE4-8387BEF95705}.Release|iPhone.Build.0 = Release|Any CPU
		{EC077462-E965-4B67-97C7-5C5C17707984}.Debug|Any CPU.ActiveCfg = Debug|Any CPU
		{EC077462-E965-4B67-97C7-5C5C17707984}.Debug|Any CPU.Build.0 = Debug|Any CPU
		{EC077462-E965-4B67-97C7-5C5C17707984}.Release|Any CPU.ActiveCfg = Release|Any CPU
		{EC077462-E965-4B67-97C7-5C5C17707984}.Release|Any CPU.Build.0 = Release|Any CPU
		{EC077462-E965-4B67-97C7-5C5C17707984}.Debug|iPhoneSimulator.ActiveCfg = Debug|Any CPU
		{EC077462-E965-4B67-97C7-5C5C17707984}.Debug|iPhoneSimulator.Build.0 = Debug|Any CPU
		{EC077462-E965-4B67-97C7-5C5C17707984}.Release|iPhoneSimulator.ActiveCfg = Release|Any CPU
		{EC077462-E965-4B67-97C7-5C5C17707984}.Release|iPhoneSimulator.Build.0 = Release|Any CPU
		{EC077462-E965-4B67-97C7-5C5C17707984}.Debug|iPhone.ActiveCfg = Debug|Any CPU
		{EC077462-E965-4B67-97C7-5C5C17707984}.Debug|iPhone.Build.0 = Debug|Any CPU
		{EC077462-E965-4B67-97C7-5C5C17707984}.Release|iPhone.ActiveCfg = Release|Any CPU
		{EC077462-E965-4B67-97C7-5C5C17707984}.Release|iPhone.Build.0 = Release|Any CPU
		{75FC81CE-4BE4-4637-964A-0B3970B99183}.Debug|Any CPU.ActiveCfg = Debug|Any CPU
		{75FC81CE-4BE4-4637-964A-0B3970B99183}.Debug|Any CPU.Build.0 = Debug|Any CPU
		{75FC81CE-4BE4-4637-964A-0B3970B99183}.Release|Any CPU.ActiveCfg = Release|Any CPU
		{75FC81CE-4BE4-4637-964A-0B3970B99183}.Release|Any CPU.Build.0 = Release|Any CPU
		{75FC81CE-4BE4-4637-964A-0B3970B99183}.Debug|iPhoneSimulator.ActiveCfg = Debug|Any CPU
		{75FC81CE-4BE4-4637-964A-0B3970B99183}.Debug|iPhoneSimulator.Build.0 = Debug|Any CPU
		{75FC81CE-4BE4-4637-964A-0B3970B99183}.Release|iPhoneSimulator.ActiveCfg = Release|Any CPU
		{75FC81CE-4BE4-4637-964A-0B3970B99183}.Release|iPhoneSimulator.Build.0 = Release|Any CPU
		{75FC81CE-4BE4-4637-964A-0B3970B99183}.Debug|iPhone.ActiveCfg = Debug|Any CPU
		{75FC81CE-4BE4-4637-964A-0B3970B99183}.Debug|iPhone.Build.0 = Debug|Any CPU
		{75FC81CE-4BE4-4637-964A-0B3970B99183}.Release|iPhone.ActiveCfg = Release|Any CPU
		{75FC81CE-4BE4-4637-964A-0B3970B99183}.Release|iPhone.Build.0 = Release|Any CPU
	EndGlobalSection
	GlobalSection(NestedProjects) = preSolution
		{B49003A1-FDFB-482C-BF5C-BDED0D594D48} = {78B6B7AA-2535-472C-95A5-71886B47BB61}
		{26D93EDC-3F0C-4558-B14F-0FB95C5BF586} = {78B6B7AA-2535-472C-95A5-71886B47BB61}
		{4B201D0A-8888-4DC6-AFAF-8B1DBA998BEC} = {65F2E0E6-778D-429E-A7C4-4DE9ED8BC9A5}
		{ECE4B977-B88F-49D8-9429-183E67515377} = {65F2E0E6-778D-429E-A7C4-4DE9ED8BC9A5}
		{8A30229E-0B0D-448E-BBE4-8387BEF95705} = {9724B1B9-11B1-457A-B96C-91B3927C4466}
		{EC077462-E965-4B67-97C7-5C5C17707984} = {9724B1B9-11B1-457A-B96C-91B3927C4466}
		{75FC81CE-4BE4-4637-964A-0B3970B99183} = {9724B1B9-11B1-457A-B96C-91B3927C4466}
	EndGlobalSection
EndGlobal
